
Microsoft Visual Studio Solution File, Format Version 12.00
# Visual Studio Version 17
VisualStudioVersion = 17.7.33906.173
MinimumVisualStudioVersion = 10.0.40219.1
Project("{FAE04EC0-301F-11D3-BF4B-00C04F79EFBC}") = "MediaAPI", "MediaAPI\MediaAPI.csproj", "{196A8141-4B6D-41CE-B56F-5D2C2AF55A38}"
EndProject
Project("{9A19103F-16F7-4668-BE54-9A1E7A4F7556}") = "ThumbnailConverter", "ThumbnailConverter\ThumbnailConverter.csproj", "{67859F9A-C673-4AB6-9260-A393A03E4255}"
EndProject
Global
	GlobalSection(SolutionConfigurationPlatforms) = preSolution
		Debug|Any CPU = Debug|Any CPU
		Release|Any CPU = Release|Any CPU
	EndGlobalSection
	GlobalSection(ProjectConfigurationPlatforms) = postSolution
		{196A8141-4B6D-41CE-B56F-5D2C2AF55A38}.Debug|Any CPU.ActiveCfg = Debug|Any CPU
		{196A8141-4B6D-41CE-B56F-5D2C2AF55A38}.Debug|Any CPU.Build.0 = Debug|Any CPU
		{196A8141-4B6D-41CE-B56F-5D2C2AF55A38}.Release|Any CPU.ActiveCfg = Release|Any CPU
		{196A8141-4B6D-41CE-B56F-5D2C2AF55A38}.Release|Any CPU.Build.0 = Release|Any CPU
		{67859F9A-C673-4AB6-9260-A393A03E4255}.Debug|Any CPU.ActiveCfg = Debug|Any CPU
		{67859F9A-C673-4AB6-9260-A393A03E4255}.Debug|Any CPU.Build.0 = Debug|Any CPU
		{67859F9A-C673-4AB6-9260-A393A03E4255}.Release|Any CPU.ActiveCfg = Release|Any CPU
		{67859F9A-C673-4AB6-9260-A393A03E4255}.Release|Any CPU.Build.0 = Release|Any CPU
	EndGlobalSection
	GlobalSection(SolutionProperties) = preSolution
		HideSolutionNode = FALSE
	EndGlobalSection
	GlobalSection(ExtensibilityGlobals) = postSolution
		SolutionGuid = {4DBE90E7-8F1C-42B0-A109-FA03365F187A}
	EndGlobalSection
EndGlobal
